
Microsoft Visual Studio Solution File, Format Version 12.00
# Visual Studio Version 16
VisualStudioVersion = 16.0.30204.135
MinimumVisualStudioVersion = 10.0.40219.1
Project("{FAE04EC0-301F-11D3-BF4B-00C04F79EFBC}") = "SpotifyToYoutube", "SpotifyToYoutube.csproj", "{0FD0CF8D-5568-4CC9-8819-734E34FAB020}"
EndProject
Global
	GlobalSection(SolutionConfigurationPlatforms) = preSolution
		Debug|Any CPU = Debug|Any CPU
		Release|Any CPU = Release|Any CPU
	EndGlobalSection
	GlobalSection(ProjectConfigurationPlatforms) = postSolution
		{0FD0CF8D-5568-4CC9-8819-734E34FAB020}.Debug|Any CPU.ActiveCfg = Debug|Any CPU
		{0FD0CF8D-5568-4CC9-8819-734E34FAB020}.Debug|Any CPU.Build.0 = Debug|Any CPU
		{0FD0CF8D-5568-4CC9-8819-734E34FAB020}.Release|Any CPU.ActiveCfg = Release|Any CPU
		{0FD0CF8D-5568-4CC9-8819-734E34FAB020}.Release|Any CPU.Build.0 = Release|Any CPU
	EndGlobalSection
	GlobalSection(SolutionProperties) = preSolution
		HideSolutionNode = FALSE
	EndGlobalSection
	GlobalSection(ExtensibilityGlobals) = postSolution
		SolutionGuid = {A4113303-0D01-4DDE-8ED2-7E301D9BB53E}
	EndGlobalSection
EndGlobal
